
Microsoft Visual Studio Solution File, Format Version 12.00
# Visual Studio Version 16
VisualStudioVersion = 16.0.31112.23
MinimumVisualStudioVersion = 10.0.40219.1
Project("{FAE04EC0-301F-11D3-BF4B-00C04F79EFBC}") = "numeroRandom", "numeroRandom\numeroRandom.csproj", "{4ABF60E7-23DA-41C8-907A-E30EA29DB9EE}"
EndProject
Global
	GlobalSection(SolutionConfigurationPlatforms) = preSolution
		Debug|Any CPU = Debug|Any CPU
		Release|Any CPU = Release|Any CPU
	EndGlobalSection
	GlobalSection(ProjectConfigurationPlatforms) = postSolution
		{4ABF60E7-23DA-41C8-907A-E30EA29DB9EE}.Debug|Any CPU.ActiveCfg = Debug|Any CPU
		{4ABF60E7-23DA-41C8-907A-E30EA29DB9EE}.Debug|Any CPU.Build.0 = Debug|Any CPU
		{4ABF60E7-23DA-41C8-907A-E30EA29DB9EE}.Release|Any CPU.ActiveCfg = Release|Any CPU
		{4ABF60E7-23DA-41C8-907A-E30EA29DB9EE}.Release|Any CPU.Build.0 = Release|Any CPU
	EndGlobalSection
	GlobalSection(SolutionProperties) = preSolution
		HideSolutionNode = FALSE
	EndGlobalSection
	GlobalSection(ExtensibilityGlobals) = postSolution
		SolutionGuid = {1B3013FF-9709-4FDF-ACFD-4CDA7D40CFDD}
	EndGlobalSection
EndGlobal
