
Microsoft Visual Studio Solution File, Format Version 12.00
# Visual Studio Version 16
VisualStudioVersion = 16.0.31112.23
MinimumVisualStudioVersion = 10.0.40219.1
Project("{FAE04EC0-301F-11D3-BF4B-00C04F79EFBC}") = "ejercicio_15", "ejercicio_15\ejercicio_15.csproj", "{803FDA5B-B77E-456D-89F6-CEAE9D87BF06}"
EndProject
Global
	GlobalSection(SolutionConfigurationPlatforms) = preSolution
		Debug|Any CPU = Debug|Any CPU
		Release|Any CPU = Release|Any CPU
	EndGlobalSection
	GlobalSection(ProjectConfigurationPlatforms) = postSolution
		{803FDA5B-B77E-456D-89F6-CEAE9D87BF06}.Debug|Any CPU.ActiveCfg = Debug|Any CPU
		{803FDA5B-B77E-456D-89F6-CEAE9D87BF06}.Debug|Any CPU.Build.0 = Debug|Any CPU
		{803FDA5B-B77E-456D-89F6-CEAE9D87BF06}.Release|Any CPU.ActiveCfg = Release|Any CPU
		{803FDA5B-B77E-456D-89F6-CEAE9D87BF06}.Release|Any CPU.Build.0 = Release|Any CPU
	EndGlobalSection
	GlobalSection(SolutionProperties) = preSolution
		HideSolutionNode = FALSE
	EndGlobalSection
	GlobalSection(ExtensibilityGlobals) = postSolution
		SolutionGuid = {88AA5262-9D4F-4D4D-B27F-6ABEA7A45626}
	EndGlobalSection
EndGlobal
