
Microsoft Visual Studio Solution File, Format Version 12.00
# Visual Studio Version 16
VisualStudioVersion = 16.0.31112.23
MinimumVisualStudioVersion = 10.0.40219.1
Project("{FAE04EC0-301F-11D3-BF4B-00C04F79EFBC}") = "ejercicio_18", "ejercicio_18\ejercicio_18.csproj", "{91C6A105-94F6-41DB-A2DD-63DD329CBA51}"
EndProject
Global
	GlobalSection(SolutionConfigurationPlatforms) = preSolution
		Debug|Any CPU = Debug|Any CPU
		Release|Any CPU = Release|Any CPU
	EndGlobalSection
	GlobalSection(ProjectConfigurationPlatforms) = postSolution
		{91C6A105-94F6-41DB-A2DD-63DD329CBA51}.Debug|Any CPU.ActiveCfg = Debug|Any CPU
		{91C6A105-94F6-41DB-A2DD-63DD329CBA51}.Debug|Any CPU.Build.0 = Debug|Any CPU
		{91C6A105-94F6-41DB-A2DD-63DD329CBA51}.Release|Any CPU.ActiveCfg = Release|Any CPU
		{91C6A105-94F6-41DB-A2DD-63DD329CBA51}.Release|Any CPU.Build.0 = Release|Any CPU
	EndGlobalSection
	GlobalSection(SolutionProperties) = preSolution
		HideSolutionNode = FALSE
	EndGlobalSection
	GlobalSection(ExtensibilityGlobals) = postSolution
		SolutionGuid = {75D390C2-A453-4A7D-BE99-23EE5C394CD4}
	EndGlobalSection
EndGlobal
