
Microsoft Visual Studio Solution File, Format Version 12.00
# Visual Studio Version 16
VisualStudioVersion = 16.0.31112.23
MinimumVisualStudioVersion = 10.0.40219.1
Project("{FAE04EC0-301F-11D3-BF4B-00C04F79EFBC}") = "ejercicio_10", "ejercicio_10\ejercicio_10.csproj", "{5E001B52-3A76-4D1C-8F68-FAE89468FDCA}"
EndProject
Global
	GlobalSection(SolutionConfigurationPlatforms) = preSolution
		Debug|Any CPU = Debug|Any CPU
		Release|Any CPU = Release|Any CPU
	EndGlobalSection
	GlobalSection(ProjectConfigurationPlatforms) = postSolution
		{5E001B52-3A76-4D1C-8F68-FAE89468FDCA}.Debug|Any CPU.ActiveCfg = Debug|Any CPU
		{5E001B52-3A76-4D1C-8F68-FAE89468FDCA}.Debug|Any CPU.Build.0 = Debug|Any CPU
		{5E001B52-3A76-4D1C-8F68-FAE89468FDCA}.Release|Any CPU.ActiveCfg = Release|Any CPU
		{5E001B52-3A76-4D1C-8F68-FAE89468FDCA}.Release|Any CPU.Build.0 = Release|Any CPU
	EndGlobalSection
	GlobalSection(SolutionProperties) = preSolution
		HideSolutionNode = FALSE
	EndGlobalSection
	GlobalSection(ExtensibilityGlobals) = postSolution
		SolutionGuid = {A3781291-177C-4AF2-9039-492B785C687F}
	EndGlobalSection
EndGlobal
