
Microsoft Visual Studio Solution File, Format Version 12.00
# Visual Studio Version 16
VisualStudioVersion = 16.0.31112.23
MinimumVisualStudioVersion = 10.0.40219.1
Project("{FAE04EC0-301F-11D3-BF4B-00C04F79EFBC}") = "ejercicio_1", "ejercicio_1\ejercicio_1.csproj", "{83AF1F62-139C-435E-A3ED-3D999D712063}"
EndProject
Global
	GlobalSection(SolutionConfigurationPlatforms) = preSolution
		Debug|Any CPU = Debug|Any CPU
		Release|Any CPU = Release|Any CPU
	EndGlobalSection
	GlobalSection(ProjectConfigurationPlatforms) = postSolution
		{83AF1F62-139C-435E-A3ED-3D999D712063}.Debug|Any CPU.ActiveCfg = Debug|Any CPU
		{83AF1F62-139C-435E-A3ED-3D999D712063}.Debug|Any CPU.Build.0 = Debug|Any CPU
		{83AF1F62-139C-435E-A3ED-3D999D712063}.Release|Any CPU.ActiveCfg = Release|Any CPU
		{83AF1F62-139C-435E-A3ED-3D999D712063}.Release|Any CPU.Build.0 = Release|Any CPU
	EndGlobalSection
	GlobalSection(SolutionProperties) = preSolution
		HideSolutionNode = FALSE
	EndGlobalSection
	GlobalSection(ExtensibilityGlobals) = postSolution
		SolutionGuid = {2799902B-9A79-4392-94E8-FF50E9838AFA}
	EndGlobalSection
EndGlobal
