
Microsoft Visual Studio Solution File, Format Version 12.00
# Visual Studio Version 16
VisualStudioVersion = 16.0.31112.23
MinimumVisualStudioVersion = 10.0.40219.1
Project("{FAE04EC0-301F-11D3-BF4B-00C04F79EFBC}") = "ejercicio_9", "ejercicio_9\ejercicio_9.csproj", "{475B2426-6329-481A-BBA9-EAC0D34EFE20}"
EndProject
Global
	GlobalSection(SolutionConfigurationPlatforms) = preSolution
		Debug|Any CPU = Debug|Any CPU
		Release|Any CPU = Release|Any CPU
	EndGlobalSection
	GlobalSection(ProjectConfigurationPlatforms) = postSolution
		{475B2426-6329-481A-BBA9-EAC0D34EFE20}.Debug|Any CPU.ActiveCfg = Debug|Any CPU
		{475B2426-6329-481A-BBA9-EAC0D34EFE20}.Debug|Any CPU.Build.0 = Debug|Any CPU
		{475B2426-6329-481A-BBA9-EAC0D34EFE20}.Release|Any CPU.ActiveCfg = Release|Any CPU
		{475B2426-6329-481A-BBA9-EAC0D34EFE20}.Release|Any CPU.Build.0 = Release|Any CPU
	EndGlobalSection
	GlobalSection(SolutionProperties) = preSolution
		HideSolutionNode = FALSE
	EndGlobalSection
	GlobalSection(ExtensibilityGlobals) = postSolution
		SolutionGuid = {3F60D48A-6CAF-461D-90B2-2C779BD3D271}
	EndGlobalSection
EndGlobal
