
Microsoft Visual Studio Solution File, Format Version 12.00
# Visual Studio Version 16
VisualStudioVersion = 16.0.31112.23
MinimumVisualStudioVersion = 10.0.40219.1
Project("{FAE04EC0-301F-11D3-BF4B-00C04F79EFBC}") = "ejercicio_20", "ejercicio_20\ejercicio_20.csproj", "{85800B41-2CF0-4060-A0E4-1797DDE65454}"
EndProject
Global
	GlobalSection(SolutionConfigurationPlatforms) = preSolution
		Debug|Any CPU = Debug|Any CPU
		Release|Any CPU = Release|Any CPU
	EndGlobalSection
	GlobalSection(ProjectConfigurationPlatforms) = postSolution
		{85800B41-2CF0-4060-A0E4-1797DDE65454}.Debug|Any CPU.ActiveCfg = Debug|Any CPU
		{85800B41-2CF0-4060-A0E4-1797DDE65454}.Debug|Any CPU.Build.0 = Debug|Any CPU
		{85800B41-2CF0-4060-A0E4-1797DDE65454}.Release|Any CPU.ActiveCfg = Release|Any CPU
		{85800B41-2CF0-4060-A0E4-1797DDE65454}.Release|Any CPU.Build.0 = Release|Any CPU
	EndGlobalSection
	GlobalSection(SolutionProperties) = preSolution
		HideSolutionNode = FALSE
	EndGlobalSection
	GlobalSection(ExtensibilityGlobals) = postSolution
		SolutionGuid = {BB6A1FA2-8953-4CCE-9A2C-5E847B7366CC}
	EndGlobalSection
EndGlobal
